PODS:
  - Alamofire (4.3.0)

DEPENDENCIES:
  - Alamofire (from `https://github.com/Alamofire/Alamofire.git`)

EXTERNAL SOURCES:
  Alamofire:
    :git: https://github.com/Alamofire/Alamofire.git

CHECKOUT OPTIONS:
  Alamofire:
    :commit: fa3c6d09b603f417c7788adb51ca0cade75b3d67
    :git: https://github.com/Alamofire/Alamofire.git

SPEC CHECKSUMS:
  Alamofire: 1f72088aff8f6b40828dadd61be2e9a31beca01e

PODFILE CHECKSUM: a333cd5bcdb51c27ddecc454d0ac45837c9337e2

COCOAPODS: 1.1.1
